
Microsoft Visual Studio Solution File, Format Version 12.00
# Visual Studio 2013
VisualStudioVersion = 12.0.40629.0
MinimumVisualStudioVersion = 10.0.40219.1
Project("{8BC9CEB8-8B4A-11D0-8D11-00A0C91BC942}") = "crostouchpad", "crostouchpad\crostouchpad.vcxproj", "{B3E71397-9BE4-492B-AAED-4D056E59CB1F}"
EndProject
Project("{8BC9CEB8-8B4A-11D0-8D11-00A0C91BC942}") = "crostouchpad Package", "crostouchpad Package\crostouchpad Package.vcxproj", "{EA676041-89D8-4ACF-A48B-F11CA9F5DD8B}"
	ProjectSection(ProjectDependencies) = postProject
		{B3E71397-9BE4-492B-AAED-4D056E59CB1F} = {B3E71397-9BE4-492B-AAED-4D056E59CB1F}
	EndProjectSection
EndProject
Global
	GlobalSection(SolutionConfigurationPlatforms) = preSolution
		Win7 Debug|Win32 = Win7 Debug|Win32
		Win7 Debug|x64 = Win7 Debug|x64
		Win7 Release|Win32 = Win7 Release|Win32
		Win7 Release|x64 = Win7 Release|x64
		Win8 Debug|Win32 = Win8 Debug|Win32
		Win8 Debug|x64 = Win8 Debug|x64
		Win8 Release|Win32 = Win8 Release|Win32
		Win8 Release|x64 = Win8 Release|x64
		Win8.1 Debug|Win32 = Win8.1 Debug|Win32
		Win8.1 Debug|x64 = Win8.1 Debug|x64
		Win8.1 Release|Win32 = Win8.1 Release|Win32
		Win8.1 Release|x64 = Win8.1 Release|x64
	EndGlobalSection
	GlobalSection(ProjectConfigurationPlatforms) = postSolution
		{B3E71397-9BE4-492B-AAED-4D056E59CB1F}.Win7 Debug|Win32.ActiveCfg = Win7 Debug|Win32
		{B3E71397-9BE4-492B-AAED-4D056E59CB1F}.Win7 Debug|Win32.Build.0 = Win7 Debug|Win32
		{B3E71397-9BE4-492B-AAED-4D056E59CB1F}.Win7 Debug|Win32.Deploy.0 = Win7 Debug|Win32
		{B3E71397-9BE4-492B-AAED-4D056E59CB1F}.Win7 Debug|x64.ActiveCfg = Win7 Debug|x64
		{B3E71397-9BE4-492B-AAED-4D056E59CB1F}.Win7 Debug|x64.Build.0 = Win7 Debug|x64
		{B3E71397-9BE4-492B-AAED-4D056E59CB1F}.Win7 Debug|x64.Deploy.0 = Win7 Debug|x64
		{B3E71397-9BE4-492B-AAED-4D056E59CB1F}.Win7 Release|Win32.ActiveCfg = Win7 Release|Win32
		{B3E71397-9BE4-492B-AAED-4D056E59CB1F}.Win7 Release|Win32.Build.0 = Win7 Release|Win32
		{B3E71397-9BE4-492B-AAED-4D056E59CB1F}.Win7 Release|Win32.Deploy.0 = Win7 Release|Win32
		{B3E71397-9BE4-492B-AAED-4D056E59CB1F}.Win7 Release|x64.ActiveCfg = Win7 Release|x64
		{B3E71397-9BE4-492B-AAED-4D056E59CB1F}.Win7 Release|x64.Build.0 = Win7 Release|x64
		{B3E71397-9BE4-492B-AAED-4D056E59CB1F}.Win7 Release|x64.Deploy.0 = Win7 Release|x64
		{B3E71397-9BE4-492B-AAED-4D056E59CB1F}.Win8 Debug|Win32.ActiveCfg = Win8 Debug|Win32
		{B3E71397-9BE4-492B-AAED-4D056E59CB1F}.Win8 Debug|Win32.Build.0 = Win8 Debug|Win32
		{B3E71397-9BE4-492B-AAED-4D056E59CB1F}.Win8 Debug|Win32.Deploy.0 = Win8 Debug|Win32
		{B3E71397-9BE4-492B-AAED-4D056E59CB1F}.Win8 Debug|x64.ActiveCfg = Win8 Debug|x64
		{B3E71397-9BE4-492B-AAED-4D056E59CB1F}.Win8 Debug|x64.Build.0 = Win8 Debug|x64
		{B3E71397-9BE4-492B-AAED-4D056E59CB1F}.Win8 Debug|x64.Deploy.0 = Win8 Debug|x64
		{B3E71397-9BE4-492B-AAED-4D056E59CB1F}.Win8 Release|Win32.ActiveCfg = Win8 Release|Win32
		{B3E71397-9BE4-492B-AAED-4D056E59CB1F}.Win8 Release|Win32.Build.0 = Win8 Release|Win32
		{B3E71397-9BE4-492B-AAED-4D056E59CB1F}.Win8 Release|Win32.Deploy.0 = Win8 Release|Win32
		{B3E71397-9BE4-492B-AAED-4D056E59CB1F}.Win8 Release|x64.ActiveCfg = Win8 Release|x64
		{B3E71397-9BE4-492B-AAED-4D056E59CB1F}.Win8 Release|x64.Build.0 = Win8 Release|x64
		{B3E71397-9BE4-492B-AAED-4D056E59CB1F}.Win8 Release|x64.Deploy.0 = Win8 Release|x64
		{B3E71397-9BE4-492B-AAED-4D056E59CB1F}.Win8.1 Debug|Win32.ActiveCfg = Win8.1 Debug|Win32
		{B3E71397-9BE4-492B-AAED-4D056E59CB1F}.Win8.1 Debug|Win32.Build.0 = Win8.1 Debug|Win32
		{B3E71397-9BE4-492B-AAED-4D056E59CB1F}.Win8.1 Debug|Win32.Deploy.0 = Win8.1 Debug|Win32
		{B3E71397-9BE4-492B-AAED-4D056E59CB1F}.Win8.1 Debug|x64.ActiveCfg = Win8.1 Debug|x64
		{B3E71397-9BE4-492B-AAED-4D056E59CB1F}.Win8.1 Debug|x64.Build.0 = Win8.1 Debug|x64
		{B3E71397-9BE4-492B-AAED-4D056E59CB1F}.Win8.1 Debug|x64.Deploy.0 = Win8.1 Debug|x64
		{B3E71397-9BE4-492B-AAED-4D056E59CB1F}.Win8.1 Release|Win32.ActiveCfg = Win8.1 Release|Win32
		{B3E71397-9BE4-492B-AAED-4D056E59CB1F}.Win8.1 Release|Win32.Build.0 = Win8.1 Release|Win32
		{B3E71397-9BE4-492B-AAED-4D056E59CB1F}.Win8.1 Release|Win32.Deploy.0 = Win8.1 Release|Win32
		{B3E71397-9BE4-492B-AAED-4D056E59CB1F}.Win8.1 Release|x64.ActiveCfg = Win8.1 Release|x64
		{B3E71397-9BE4-492B-AAED-4D056E59CB1F}.Win8.1 Release|x64.Build.0 = Win8.1 Release|x64
		{B3E71397-9BE4-492B-AAED-4D056E59CB1F}.Win8.1 Release|x64.Deploy.0 = Win8.1 Release|x64
		{EA676041-89D8-4ACF-A48B-F11CA9F5DD8B}.Win7 Debug|Win32.ActiveCfg = Win7 Debug|Win32
		{EA676041-89D8-4ACF-A48B-F11CA9F5DD8B}.Win7 Debug|Win32.Build.0 = Win7 Debug|Win32
		{EA676041-89D8-4ACF-A48B-F11CA9F5DD8B}.Win7 Debug|Win32.Deploy.0 = Win7 Debug|Win32
		{EA676041-89D8-4ACF-A48B-F11CA9F5DD8B}.Win7 Debug|x64.ActiveCfg = Win7 Debug|x64
		{EA676041-89D8-4ACF-A48B-F11CA9F5DD8B}.Win7 Debug|x64.Build.0 = Win7 Debug|x64
		{EA676041-89D8-4ACF-A48B-F11CA9F5DD8B}.Win7 Debug|x64.Deploy.0 = Win7 Debug|x64
		{EA676041-89D8-4ACF-A48B-F11CA9F5DD8B}.Win7 Release|Win32.ActiveCfg = Win7 Release|Win32
		{EA676041-89D8-4ACF-A48B-F11CA9F5DD8B}.Win7 Release|Win32.Build.0 = Win7 Release|Win32
		{EA676041-89D8-4ACF-A48B-F11CA9F5DD8B}.Win7 Release|Win32.Deploy.0 = Win7 Release|Win32
		{EA676041-89D8-4ACF-A48B-F11CA9F5DD8B}.Win7 Release|x64.ActiveCfg = Win7 Release|x64
		{EA676041-89D8-4ACF-A48B-F11CA9F5DD8B}.Win7 Release|x64.Build.0 = Win7 Release|x64
		{EA676041-89D8-4ACF-A48B-F11CA9F5DD8B}.Win7 Release|x64.Deploy.0 = Win7 Release|x64
		{EA676041-89D8-4ACF-A48B-F11CA9F5DD8B}.Win8 Debug|Win32.ActiveCfg = Win8 Debug|Win32
		{EA676041-89D8-4ACF-A48B-F11CA9F5DD8B}.Win8 Debug|Win32.Build.0 = Win8 Debug|Win32
		{EA676041-89D8-4ACF-A48B-F11CA9F5DD8B}.Win8 Debug|Win32.Deploy.0 = Win8 Debug|Win32
		{EA676041-89D8-4ACF-A48B-F11CA9F5DD8B}.Win8 Debug|x64.ActiveCfg = Win8 Debug|x64
		{EA676041-89D8-4ACF-A48B-F11CA9F5DD8B}.Win8 Debug|x64.Build.0 = Win8 Debug|x64
		{EA676041-89D8-4ACF-A48B-F11CA9F5DD8B}.Win8 Debug|x64.Deploy.0 = Win8 Debug|x64
		{EA676041-89D8-4ACF-A48B-F11CA9F5DD8B}.Win8 Release|Win32.ActiveCfg = Win8 Release|Win32
		{EA676041-89D8-4ACF-A48B-F11CA9F5DD8B}.Win8 Release|Win32.Build.0 = Win8 Release|Win32
		{EA676041-89D8-4ACF-A48B-F11CA9F5DD8B}.Win8 Release|Win32.Deploy.0 = Win8 Release|Win32
		{EA676041-89D8-4ACF-A48B-F11CA9F5DD8B}.Win8 Release|x64.ActiveCfg = Win8 Release|x64
		{EA676041-89D8-4ACF-A48B-F11CA9F5DD8B}.Win8 Release|x64.Build.0 = Win8 Release|x64
		{EA676041-89D8-4ACF-A48B-F11CA9F5DD8B}.Win8 Release|x64.Deploy.0 = Win8 Release|x64
		{EA676041-89D8-4ACF-A48B-F11CA9F5DD8B}.Win8.1 Debug|Win32.ActiveCfg = Win8.1 Debug|Win32
		{EA676041-89D8-4ACF-A48B-F11CA9F5DD8B}.Win8.1 Debug|Win32.Build.0 = Win8.1 Debug|Win32
		{EA676041-89D8-4ACF-A48B-F11CA9F5DD8B}.Win8.1 Debug|Win32.Deploy.0 = Win8.1 Debug|Win32
		{EA676041-89D8-4ACF-A48B-F11CA9F5DD8B}.Win8.1 Debug|x64.ActiveCfg = Win8.1 Debug|x64
		{EA676041-89D8-4ACF-A48B-F11CA9F5DD8B}.Win8.1 Debug|x64.Build.0 = Win8.1 Debug|x64
		{EA676041-89D8-4ACF-A48B-F11CA9F5DD8B}.Win8.1 Debug|x64.Deploy.0 = Win8.1 Debug|x64
		{EA676041-89D8-4ACF-A48B-F11CA9F5DD8B}.Win8.1 Release|Win32.ActiveCfg = Win8.1 Release|Win32
		{EA676041-89D8-4ACF-A48B-F11CA9F5DD8B}.Win8.1 Release|Win32.Build.0 = Win8.1 Release|Win32
		{EA676041-89D8-4ACF-A48B-F11CA9F5DD8B}.Win8.1 Release|Win32.Deploy.0 = Win8.1 Release|Win32
		{EA676041-89D8-4ACF-A48B-F11CA9F5DD8B}.Win8.1 Release|x64.ActiveCfg = Win8.1 Release|x64
		{EA676041-89D8-4ACF-A48B-F11CA9F5DD8B}.Win8.1 Release|x64.Build.0 = Win8.1 Release|x64
		{EA676041-89D8-4ACF-A48B-F11CA9F5DD8B}.Win8.1 Release|x64.Deploy.0 = Win8.1 Release|x64
	EndGlobalSection
	GlobalSection(SolutionProperties) = preSolution
		HideSolutionNode = FALSE
	EndGlobalSection
EndGlobal
